
Microsoft Visual Studio Solution File, Format Version 12.00
# Visual Studio 15
VisualStudioVersion = 15.0.26228.4
MinimumVisualStudioVersion = 10.0.40219.1
Project("{FAE04EC0-301F-11D3-BF4B-00C04F79EFBC}") = "01.Lab-DefiningClasses", "01.Lab-DefiningClasses\01.Lab-DefiningClasses.csproj", "{800CF74B-C138-441D-ACD1-04E1434D2023}"
EndProject
Project("{FAE04EC0-301F-11D3-BF4B-00C04F79EFBC}") = "02.Exercises-DefiningClasses", "02.Exercises-DefiningClasses\02.Exercises-DefiningClasses.csproj", "{F037BD05-E542-4017-B71C-E274134B944D}"
EndProject
Global
	GlobalSection(SolutionConfigurationPlatforms) = preSolution
		Debug|Any CPU = Debug|Any CPU
		Release|Any CPU = Release|Any CPU
	EndGlobalSection
	GlobalSection(ProjectConfigurationPlatforms) = postSolution
		{800CF74B-C138-441D-ACD1-04E1434D2023}.Debug|Any CPU.ActiveCfg = Debug|Any CPU
		{800CF74B-C138-441D-ACD1-04E1434D2023}.Debug|Any CPU.Build.0 = Debug|Any CPU
		{800CF74B-C138-441D-ACD1-04E1434D2023}.Release|Any CPU.ActiveCfg = Release|Any CPU
		{800CF74B-C138-441D-ACD1-04E1434D2023}.Release|Any CPU.Build.0 = Release|Any CPU
		{F037BD05-E542-4017-B71C-E274134B944D}.Debug|Any CPU.ActiveCfg = Debug|Any CPU
		{F037BD05-E542-4017-B71C-E274134B944D}.Debug|Any CPU.Build.0 = Debug|Any CPU
		{F037BD05-E542-4017-B71C-E274134B944D}.Release|Any CPU.ActiveCfg = Release|Any CPU
		{F037BD05-E542-4017-B71C-E274134B944D}.Release|Any CPU.Build.0 = Release|Any CPU
	EndGlobalSection
	GlobalSection(SolutionProperties) = preSolution
		HideSolutionNode = FALSE
	EndGlobalSection
EndGlobal
