
Microsoft Visual Studio Solution File, Format Version 12.00
# Visual Studio 15
VisualStudioVersion = 15.0.26228.4
MinimumVisualStudioVersion = 10.0.40219.1
Project("{FAE04EC0-301F-11D3-BF4B-00C04F79EFBC}") = "01.Lab-DefiningClasses", "01.Lab-DefiningClasses\01.Lab-DefiningClasses.csproj", "{800CF74B-C138-441D-ACD1-04E1434D2023}"
EndProject
Project("{FAE04EC0-301F-11D3-BF4B-00C04F79EFBC}") = "02.Exercises-DefiningClasses", "02.Exercises-DefiningClasses\02.Exercises-DefiningClasses.csproj", "{F037BD05-E542-4017-B71C-E274134B944D}"
EndProject
Project("{FAE04EC0-301F-11D3-BF4B-00C04F79EFBC}") = "03.Lab-Encapsulation", "03.Lab-Encapsulation\03.Lab-Encapsulation.csproj", "{8869A0F6-C9B1-4D56-B213-D398B578B3E3}"
EndProject
Project("{FAE04EC0-301F-11D3-BF4B-00C04F79EFBC}") = "04.Exercises-Encapsulation", "04.Exercises-Encapsulation\04.Exercises-Encapsulation.csproj", "{D8977738-EFD9-4859-B473-340AEC7956AD}"
EndProject
Project("{FAE04EC0-301F-11D3-BF4B-00C04F79EFBC}") = "05.Lab-Inheritance", "05.Lab-Inheritance\05.Lab-Inheritance.csproj", "{D936ACD2-6018-4FBC-8517-6E47DC8E699A}"
EndProject
Project("{FAE04EC0-301F-11D3-BF4B-00C04F79EFBC}") = "06.Exercises-Inheritance", "06.Exercises-Inheritance\06.Exercises-Inheritance.csproj", "{FEE5772E-982F-4812-9BB6-0AB2E6406FE8}"
EndProject
Project("{FAE04EC0-301F-11D3-BF4B-00C04F79EFBC}") = "07.Lab-Polymorphism", "07.Lab-Polymorphism\07.Lab-Polymorphism.csproj", "{BC4BC99A-86EE-44D2-9FED-53DCFCC1035A}"
EndProject
Project("{FAE04EC0-301F-11D3-BF4B-00C04F79EFBC}") = "08.Exercises-Polymorphism", "08.Exercises-Polymorphism\08.Exercises-Polymorphism.csproj", "{2DA40C53-978A-4FE4-BBCA-D2C71CF3605E}"
EndProject
Global
	GlobalSection(SolutionConfigurationPlatforms) = preSolution
		Debug|Any CPU = Debug|Any CPU
		Release|Any CPU = Release|Any CPU
	EndGlobalSection
	GlobalSection(ProjectConfigurationPlatforms) = postSolution
		{800CF74B-C138-441D-ACD1-04E1434D2023}.Debug|Any CPU.ActiveCfg = Debug|Any CPU
		{800CF74B-C138-441D-ACD1-04E1434D2023}.Debug|Any CPU.Build.0 = Debug|Any CPU
		{800CF74B-C138-441D-ACD1-04E1434D2023}.Release|Any CPU.ActiveCfg = Release|Any CPU
		{800CF74B-C138-441D-ACD1-04E1434D2023}.Release|Any CPU.Build.0 = Release|Any CPU
		{F037BD05-E542-4017-B71C-E274134B944D}.Debug|Any CPU.ActiveCfg = Debug|Any CPU
		{F037BD05-E542-4017-B71C-E274134B944D}.Debug|Any CPU.Build.0 = Debug|Any CPU
		{F037BD05-E542-4017-B71C-E274134B944D}.Release|Any CPU.ActiveCfg = Release|Any CPU
		{F037BD05-E542-4017-B71C-E274134B944D}.Release|Any CPU.Build.0 = Release|Any CPU
		{8869A0F6-C9B1-4D56-B213-D398B578B3E3}.Debug|Any CPU.ActiveCfg = Debug|Any CPU
		{8869A0F6-C9B1-4D56-B213-D398B578B3E3}.Debug|Any CPU.Build.0 = Debug|Any CPU
		{8869A0F6-C9B1-4D56-B213-D398B578B3E3}.Release|Any CPU.ActiveCfg = Release|Any CPU
		{8869A0F6-C9B1-4D56-B213-D398B578B3E3}.Release|Any CPU.Build.0 = Release|Any CPU
		{D8977738-EFD9-4859-B473-340AEC7956AD}.Debug|Any CPU.ActiveCfg = Debug|Any CPU
		{D8977738-EFD9-4859-B473-340AEC7956AD}.Debug|Any CPU.Build.0 = Debug|Any CPU
		{D8977738-EFD9-4859-B473-340AEC7956AD}.Release|Any CPU.ActiveCfg = Release|Any CPU
		{D8977738-EFD9-4859-B473-340AEC7956AD}.Release|Any CPU.Build.0 = Release|Any CPU
		{D936ACD2-6018-4FBC-8517-6E47DC8E699A}.Debug|Any CPU.ActiveCfg = Debug|Any CPU
		{D936ACD2-6018-4FBC-8517-6E47DC8E699A}.Debug|Any CPU.Build.0 = Debug|Any CPU
		{D936ACD2-6018-4FBC-8517-6E47DC8E699A}.Release|Any CPU.ActiveCfg = Release|Any CPU
		{D936ACD2-6018-4FBC-8517-6E47DC8E699A}.Release|Any CPU.Build.0 = Release|Any CPU
		{FEE5772E-982F-4812-9BB6-0AB2E6406FE8}.Debug|Any CPU.ActiveCfg = Debug|Any CPU
		{FEE5772E-982F-4812-9BB6-0AB2E6406FE8}.Debug|Any CPU.Build.0 = Debug|Any CPU
		{FEE5772E-982F-4812-9BB6-0AB2E6406FE8}.Release|Any CPU.ActiveCfg = Release|Any CPU
		{FEE5772E-982F-4812-9BB6-0AB2E6406FE8}.Release|Any CPU.Build.0 = Release|Any CPU
		{BC4BC99A-86EE-44D2-9FED-53DCFCC1035A}.Debug|Any CPU.ActiveCfg = Debug|Any CPU
		{BC4BC99A-86EE-44D2-9FED-53DCFCC1035A}.Debug|Any CPU.Build.0 = Debug|Any CPU
		{BC4BC99A-86EE-44D2-9FED-53DCFCC1035A}.Release|Any CPU.ActiveCfg = Release|Any CPU
		{BC4BC99A-86EE-44D2-9FED-53DCFCC1035A}.Release|Any CPU.Build.0 = Release|Any CPU
		{2DA40C53-978A-4FE4-BBCA-D2C71CF3605E}.Debug|Any CPU.ActiveCfg = Debug|Any CPU
		{2DA40C53-978A-4FE4-BBCA-D2C71CF3605E}.Debug|Any CPU.Build.0 = Debug|Any CPU
		{2DA40C53-978A-4FE4-BBCA-D2C71CF3605E}.Release|Any CPU.ActiveCfg = Release|Any CPU
		{2DA40C53-978A-4FE4-BBCA-D2C71CF3605E}.Release|Any CPU.Build.0 = Release|Any CPU
	EndGlobalSection
	GlobalSection(SolutionProperties) = preSolution
		HideSolutionNode = FALSE
	EndGlobalSection
EndGlobal
